
Microsoft Visual Studio Solution File, Format Version 12.00
# Visual Studio Version 17
VisualStudioVersion = 17.12.35527.113
MinimumVisualStudioVersion = 10.0.40219.1
Project("{FAE04EC0-301F-11D3-BF4B-00C04F79EFBC}") = "CommonHelpers.RequestResponse", "CommonHelpers.RequestResponse\CommonHelpers.RequestResponse.csproj", "{C2DECA6A-D1E9-4B79-8F82-32C8F77932D8}"
EndProject
Project("{2150E333-8FDC-42A3-9474-1A3956D46DE8}") = "src", "src", "{509647A3-9F82-4D68-BEDF-7A164511B915}"
EndProject
Project("{FAE04EC0-301F-11D3-BF4B-00C04F79EFBC}") = "CommonHelpers.HealthCheck", "CommonHelpers.HealthCheck\CommonHelpers.HealthCheck.csproj", "{51356D7E-AAB4-4722-A656-F76B17765F21}"
EndProject
Project("{2150E333-8FDC-42A3-9474-1A3956D46DE8}") = "test", "test", "{73612227-E0D4-4899-8C19-DD711DC2A40D}"
EndProject
Project("{FAE04EC0-301F-11D3-BF4B-00C04F79EFBC}") = "CommonHelpers.HealthCheck.Tests", "CommonHelpers.HealthCheck.Tests\CommonHelpers.HealthCheck.Tests.csproj", "{13A257BE-8612-41DF-B3BA-172071E44E32}"
EndProject
Project("{FAE04EC0-301F-11D3-BF4B-00C04F79EFBC}") = "CommonHelpers.InvokePrivate", "CommonHelpers.InvokePrivate\CommonHelpers.InvokePrivate.csproj", "{9480D0DD-09CB-4A5D-AAEA-A9FC49F5D7BA}"
EndProject
Project("{FAE04EC0-301F-11D3-BF4B-00C04F79EFBC}") = "CommonHelpers.InvokePrivate.Tests", "CommonHelpers.InvokePrivate.Tests\CommonHelpers.InvokePrivate.Tests.csproj", "{82344753-D04B-4340-A65F-C43C1794E89A}"
EndProject
Project("{FAE04EC0-301F-11D3-BF4B-00C04F79EFBC}") = "CommonHelpers.RequestResponse.Tests", "CommonHelpers.RequestResponse.Tests\CommonHelpers.RequestResponse.Tests.csproj", "{2FE00AF6-EFA9-4A2D-A0C2-EF50274773B7}"
EndProject
Project("{FAE04EC0-301F-11D3-BF4B-00C04F79EFBC}") = "CommonHelpers.RabbitMQ", "CommonHelpers.RabbitMQ\CommonHelpers.RabbitMQ.csproj", "{3E2ACB9D-5556-4259-96AE-A07BAFB540A5}"
EndProject
Project("{FAE04EC0-301F-11D3-BF4B-00C04F79EFBC}") = "CommonHelpers.RabbitMQ.Tests", "CommonHelpers.RabbitMQ.Tests\CommonHelpers.RabbitMQ.Tests.csproj", "{CE0E22D8-4241-40AA-A180-3BA3A37E7DD5}"
EndProject
Project("{FAE04EC0-301F-11D3-BF4B-00C04F79EFBC}") = "CommonHelpers.Kafka", "CommonHelpers.Kafka\CommonHelpers.Kafka.csproj", "{470CFAB2-7BC2-49BE-8F2A-E34BD6416AD7}"
EndProject
Project("{FAE04EC0-301F-11D3-BF4B-00C04F79EFBC}") = "CommonHelpers.Kafka.Tests", "CommonHelpers.Kafka.Tests\CommonHelpers.Kafka.Tests.csproj", "{E1636901-0241-42B5-A3E6-627CA7306A13}"
EndProject
Global
	GlobalSection(SolutionConfigurationPlatforms) = preSolution
		Debug|Any CPU = Debug|Any CPU
		Debug|x64 = Debug|x64
		Debug|x86 = Debug|x86
		Release|Any CPU = Release|Any CPU
		Release|x64 = Release|x64
		Release|x86 = Release|x86
	EndGlobalSection
	GlobalSection(ProjectConfigurationPlatforms) = postSolution
		{C2DECA6A-D1E9-4B79-8F82-32C8F77932D8}.Debug|Any CPU.ActiveCfg = Debug|Any CPU
		{C2DECA6A-D1E9-4B79-8F82-32C8F77932D8}.Debug|Any CPU.Build.0 = Debug|Any CPU
		{C2DECA6A-D1E9-4B79-8F82-32C8F77932D8}.Debug|x64.ActiveCfg = Debug|Any CPU
		{C2DECA6A-D1E9-4B79-8F82-32C8F77932D8}.Debug|x64.Build.0 = Debug|Any CPU
		{C2DECA6A-D1E9-4B79-8F82-32C8F77932D8}.Debug|x86.ActiveCfg = Debug|Any CPU
		{C2DECA6A-D1E9-4B79-8F82-32C8F77932D8}.Debug|x86.Build.0 = Debug|Any CPU
		{C2DECA6A-D1E9-4B79-8F82-32C8F77932D8}.Release|Any CPU.ActiveCfg = Release|Any CPU
		{C2DECA6A-D1E9-4B79-8F82-32C8F77932D8}.Release|Any CPU.Build.0 = Release|Any CPU
		{C2DECA6A-D1E9-4B79-8F82-32C8F77932D8}.Release|x64.ActiveCfg = Release|Any CPU
		{C2DECA6A-D1E9-4B79-8F82-32C8F77932D8}.Release|x64.Build.0 = Release|Any CPU
		{C2DECA6A-D1E9-4B79-8F82-32C8F77932D8}.Release|x86.ActiveCfg = Release|Any CPU
		{C2DECA6A-D1E9-4B79-8F82-32C8F77932D8}.Release|x86.Build.0 = Release|Any CPU
		{51356D7E-AAB4-4722-A656-F76B17765F21}.Debug|Any CPU.ActiveCfg = Debug|Any CPU
		{51356D7E-AAB4-4722-A656-F76B17765F21}.Debug|Any CPU.Build.0 = Debug|Any CPU
		{51356D7E-AAB4-4722-A656-F76B17765F21}.Debug|x64.ActiveCfg = Debug|Any CPU
		{51356D7E-AAB4-4722-A656-F76B17765F21}.Debug|x64.Build.0 = Debug|Any CPU
		{51356D7E-AAB4-4722-A656-F76B17765F21}.Debug|x86.ActiveCfg = Debug|Any CPU
		{51356D7E-AAB4-4722-A656-F76B17765F21}.Debug|x86.Build.0 = Debug|Any CPU
		{51356D7E-AAB4-4722-A656-F76B17765F21}.Release|Any CPU.ActiveCfg = Release|Any CPU
		{51356D7E-AAB4-4722-A656-F76B17765F21}.Release|Any CPU.Build.0 = Release|Any CPU
		{51356D7E-AAB4-4722-A656-F76B17765F21}.Release|x64.ActiveCfg = Release|Any CPU
		{51356D7E-AAB4-4722-A656-F76B17765F21}.Release|x64.Build.0 = Release|Any CPU
		{51356D7E-AAB4-4722-A656-F76B17765F21}.Release|x86.ActiveCfg = Release|Any CPU
		{51356D7E-AAB4-4722-A656-F76B17765F21}.Release|x86.Build.0 = Release|Any CPU
		{13A257BE-8612-41DF-B3BA-172071E44E32}.Debug|Any CPU.ActiveCfg = Debug|Any CPU
		{13A257BE-8612-41DF-B3BA-172071E44E32}.Debug|Any CPU.Build.0 = Debug|Any CPU
		{13A257BE-8612-41DF-B3BA-172071E44E32}.Debug|x64.ActiveCfg = Debug|Any CPU
		{13A257BE-8612-41DF-B3BA-172071E44E32}.Debug|x64.Build.0 = Debug|Any CPU
		{13A257BE-8612-41DF-B3BA-172071E44E32}.Debug|x86.ActiveCfg = Debug|Any CPU
		{13A257BE-8612-41DF-B3BA-172071E44E32}.Debug|x86.Build.0 = Debug|Any CPU
		{13A257BE-8612-41DF-B3BA-172071E44E32}.Release|Any CPU.ActiveCfg = Release|Any CPU
		{13A257BE-8612-41DF-B3BA-172071E44E32}.Release|Any CPU.Build.0 = Release|Any CPU
		{13A257BE-8612-41DF-B3BA-172071E44E32}.Release|x64.ActiveCfg = Release|Any CPU
		{13A257BE-8612-41DF-B3BA-172071E44E32}.Release|x64.Build.0 = Release|Any CPU
		{13A257BE-8612-41DF-B3BA-172071E44E32}.Release|x86.ActiveCfg = Release|Any CPU
		{13A257BE-8612-41DF-B3BA-172071E44E32}.Release|x86.Build.0 = Release|Any CPU
		{9480D0DD-09CB-4A5D-AAEA-A9FC49F5D7BA}.Debug|Any CPU.ActiveCfg = Debug|Any CPU
		{9480D0DD-09CB-4A5D-AAEA-A9FC49F5D7BA}.Debug|Any CPU.Build.0 = Debug|Any CPU
		{9480D0DD-09CB-4A5D-AAEA-A9FC49F5D7BA}.Debug|x64.ActiveCfg = Debug|Any CPU
		{9480D0DD-09CB-4A5D-AAEA-A9FC49F5D7BA}.Debug|x64.Build.0 = Debug|Any CPU
		{9480D0DD-09CB-4A5D-AAEA-A9FC49F5D7BA}.Debug|x86.ActiveCfg = Debug|Any CPU
		{9480D0DD-09CB-4A5D-AAEA-A9FC49F5D7BA}.Debug|x86.Build.0 = Debug|Any CPU
		{9480D0DD-09CB-4A5D-AAEA-A9FC49F5D7BA}.Release|Any CPU.ActiveCfg = Release|Any CPU
		{9480D0DD-09CB-4A5D-AAEA-A9FC49F5D7BA}.Release|Any CPU.Build.0 = Release|Any CPU
		{9480D0DD-09CB-4A5D-AAEA-A9FC49F5D7BA}.Release|x64.ActiveCfg = Release|Any CPU
		{9480D0DD-09CB-4A5D-AAEA-A9FC49F5D7BA}.Release|x64.Build.0 = Release|Any CPU
		{9480D0DD-09CB-4A5D-AAEA-A9FC49F5D7BA}.Release|x86.ActiveCfg = Release|Any CPU
		{9480D0DD-09CB-4A5D-AAEA-A9FC49F5D7BA}.Release|x86.Build.0 = Release|Any CPU
		{82344753-D04B-4340-A65F-C43C1794E89A}.Debug|Any CPU.ActiveCfg = Debug|Any CPU
		{82344753-D04B-4340-A65F-C43C1794E89A}.Debug|Any CPU.Build.0 = Debug|Any CPU
		{82344753-D04B-4340-A65F-C43C1794E89A}.Debug|x64.ActiveCfg = Debug|Any CPU
		{82344753-D04B-4340-A65F-C43C1794E89A}.Debug|x64.Build.0 = Debug|Any CPU
		{82344753-D04B-4340-A65F-C43C1794E89A}.Debug|x86.ActiveCfg = Debug|Any CPU
		{82344753-D04B-4340-A65F-C43C1794E89A}.Debug|x86.Build.0 = Debug|Any CPU
		{82344753-D04B-4340-A65F-C43C1794E89A}.Release|Any CPU.ActiveCfg = Release|Any CPU
		{82344753-D04B-4340-A65F-C43C1794E89A}.Release|Any CPU.Build.0 = Release|Any CPU
		{82344753-D04B-4340-A65F-C43C1794E89A}.Release|x64.ActiveCfg = Release|Any CPU
		{82344753-D04B-4340-A65F-C43C1794E89A}.Release|x64.Build.0 = Release|Any CPU
		{82344753-D04B-4340-A65F-C43C1794E89A}.Release|x86.ActiveCfg = Release|Any CPU
		{82344753-D04B-4340-A65F-C43C1794E89A}.Release|x86.Build.0 = Release|Any CPU
		{2FE00AF6-EFA9-4A2D-A0C2-EF50274773B7}.Debug|Any CPU.ActiveCfg = Debug|Any CPU
		{2FE00AF6-EFA9-4A2D-A0C2-EF50274773B7}.Debug|Any CPU.Build.0 = Debug|Any CPU
		{2FE00AF6-EFA9-4A2D-A0C2-EF50274773B7}.Debug|x64.ActiveCfg = Debug|Any CPU
		{2FE00AF6-EFA9-4A2D-A0C2-EF50274773B7}.Debug|x64.Build.0 = Debug|Any CPU
		{2FE00AF6-EFA9-4A2D-A0C2-EF50274773B7}.Debug|x86.ActiveCfg = Debug|Any CPU
		{2FE00AF6-EFA9-4A2D-A0C2-EF50274773B7}.Debug|x86.Build.0 = Debug|Any CPU
		{2FE00AF6-EFA9-4A2D-A0C2-EF50274773B7}.Release|Any CPU.ActiveCfg = Release|Any CPU
		{2FE00AF6-EFA9-4A2D-A0C2-EF50274773B7}.Release|Any CPU.Build.0 = Release|Any CPU
		{2FE00AF6-EFA9-4A2D-A0C2-EF50274773B7}.Release|x64.ActiveCfg = Release|Any CPU
		{2FE00AF6-EFA9-4A2D-A0C2-EF50274773B7}.Release|x64.Build.0 = Release|Any CPU
		{2FE00AF6-EFA9-4A2D-A0C2-EF50274773B7}.Release|x86.ActiveCfg = Release|Any CPU
		{2FE00AF6-EFA9-4A2D-A0C2-EF50274773B7}.Release|x86.Build.0 = Release|Any CPU
		{3E2ACB9D-5556-4259-96AE-A07BAFB540A5}.Debug|Any CPU.ActiveCfg = Debug|Any CPU
		{3E2ACB9D-5556-4259-96AE-A07BAFB540A5}.Debug|Any CPU.Build.0 = Debug|Any CPU
		{3E2ACB9D-5556-4259-96AE-A07BAFB540A5}.Debug|x64.ActiveCfg = Debug|Any CPU
		{3E2ACB9D-5556-4259-96AE-A07BAFB540A5}.Debug|x64.Build.0 = Debug|Any CPU
		{3E2ACB9D-5556-4259-96AE-A07BAFB540A5}.Debug|x86.ActiveCfg = Debug|Any CPU
		{3E2ACB9D-5556-4259-96AE-A07BAFB540A5}.Debug|x86.Build.0 = Debug|Any CPU
		{3E2ACB9D-5556-4259-96AE-A07BAFB540A5}.Release|Any CPU.ActiveCfg = Release|Any CPU
		{3E2ACB9D-5556-4259-96AE-A07BAFB540A5}.Release|Any CPU.Build.0 = Release|Any CPU
		{3E2ACB9D-5556-4259-96AE-A07BAFB540A5}.Release|x64.ActiveCfg = Release|Any CPU
		{3E2ACB9D-5556-4259-96AE-A07BAFB540A5}.Release|x64.Build.0 = Release|Any CPU
		{3E2ACB9D-5556-4259-96AE-A07BAFB540A5}.Release|x86.ActiveCfg = Release|Any CPU
		{3E2ACB9D-5556-4259-96AE-A07BAFB540A5}.Release|x86.Build.0 = Release|Any CPU
		{CE0E22D8-4241-40AA-A180-3BA3A37E7DD5}.Debug|Any CPU.ActiveCfg = Debug|Any CPU
		{CE0E22D8-4241-40AA-A180-3BA3A37E7DD5}.Debug|Any CPU.Build.0 = Debug|Any CPU
		{CE0E22D8-4241-40AA-A180-3BA3A37E7DD5}.Debug|x64.ActiveCfg = Debug|Any CPU
		{CE0E22D8-4241-40AA-A180-3BA3A37E7DD5}.Debug|x64.Build.0 = Debug|Any CPU
		{CE0E22D8-4241-40AA-A180-3BA3A37E7DD5}.Debug|x86.ActiveCfg = Debug|Any CPU
		{CE0E22D8-4241-40AA-A180-3BA3A37E7DD5}.Debug|x86.Build.0 = Debug|Any CPU
		{CE0E22D8-4241-40AA-A180-3BA3A37E7DD5}.Release|Any CPU.ActiveCfg = Release|Any CPU
		{CE0E22D8-4241-40AA-A180-3BA3A37E7DD5}.Release|Any CPU.Build.0 = Release|Any CPU
		{CE0E22D8-4241-40AA-A180-3BA3A37E7DD5}.Release|x64.ActiveCfg = Release|Any CPU
		{CE0E22D8-4241-40AA-A180-3BA3A37E7DD5}.Release|x64.Build.0 = Release|Any CPU
		{CE0E22D8-4241-40AA-A180-3BA3A37E7DD5}.Release|x86.ActiveCfg = Release|Any CPU
		{CE0E22D8-4241-40AA-A180-3BA3A37E7DD5}.Release|x86.Build.0 = Release|Any CPU
		{470CFAB2-7BC2-49BE-8F2A-E34BD6416AD7}.Debug|Any CPU.ActiveCfg = Debug|Any CPU
		{470CFAB2-7BC2-49BE-8F2A-E34BD6416AD7}.Debug|Any CPU.Build.0 = Debug|Any CPU
		{470CFAB2-7BC2-49BE-8F2A-E34BD6416AD7}.Debug|x64.ActiveCfg = Debug|Any CPU
		{470CFAB2-7BC2-49BE-8F2A-E34BD6416AD7}.Debug|x64.Build.0 = Debug|Any CPU
		{470CFAB2-7BC2-49BE-8F2A-E34BD6416AD7}.Debug|x86.ActiveCfg = Debug|Any CPU
		{470CFAB2-7BC2-49BE-8F2A-E34BD6416AD7}.Debug|x86.Build.0 = Debug|Any CPU
		{470CFAB2-7BC2-49BE-8F2A-E34BD6416AD7}.Release|Any CPU.ActiveCfg = Release|Any CPU
		{470CFAB2-7BC2-49BE-8F2A-E34BD6416AD7}.Release|Any CPU.Build.0 = Release|Any CPU
		{470CFAB2-7BC2-49BE-8F2A-E34BD6416AD7}.Release|x64.ActiveCfg = Release|Any CPU
		{470CFAB2-7BC2-49BE-8F2A-E34BD6416AD7}.Release|x64.Build.0 = Release|Any CPU
		{470CFAB2-7BC2-49BE-8F2A-E34BD6416AD7}.Release|x86.ActiveCfg = Release|Any CPU
		{470CFAB2-7BC2-49BE-8F2A-E34BD6416AD7}.Release|x86.Build.0 = Release|Any CPU
		{E1636901-0241-42B5-A3E6-627CA7306A13}.Debug|Any CPU.ActiveCfg = Debug|Any CPU
		{E1636901-0241-42B5-A3E6-627CA7306A13}.Debug|Any CPU.Build.0 = Debug|Any CPU
		{E1636901-0241-42B5-A3E6-627CA7306A13}.Debug|x64.ActiveCfg = Debug|Any CPU
		{E1636901-0241-42B5-A3E6-627CA7306A13}.Debug|x64.Build.0 = Debug|Any CPU
		{E1636901-0241-42B5-A3E6-627CA7306A13}.Debug|x86.ActiveCfg = Debug|Any CPU
		{E1636901-0241-42B5-A3E6-627CA7306A13}.Debug|x86.Build.0 = Debug|Any CPU
		{E1636901-0241-42B5-A3E6-627CA7306A13}.Release|Any CPU.ActiveCfg = Release|Any CPU
		{E1636901-0241-42B5-A3E6-627CA7306A13}.Release|Any CPU.Build.0 = Release|Any CPU
		{E1636901-0241-42B5-A3E6-627CA7306A13}.Release|x64.ActiveCfg = Release|Any CPU
		{E1636901-0241-42B5-A3E6-627CA7306A13}.Release|x64.Build.0 = Release|Any CPU
		{E1636901-0241-42B5-A3E6-627CA7306A13}.Release|x86.ActiveCfg = Release|Any CPU
		{E1636901-0241-42B5-A3E6-627CA7306A13}.Release|x86.Build.0 = Release|Any CPU
	EndGlobalSection
	GlobalSection(SolutionProperties) = preSolution
		HideSolutionNode = FALSE
	EndGlobalSection
	GlobalSection(NestedProjects) = preSolution
		{C2DECA6A-D1E9-4B79-8F82-32C8F77932D8} = {509647A3-9F82-4D68-BEDF-7A164511B915}
		{51356D7E-AAB4-4722-A656-F76B17765F21} = {509647A3-9F82-4D68-BEDF-7A164511B915}
		{13A257BE-8612-41DF-B3BA-172071E44E32} = {73612227-E0D4-4899-8C19-DD711DC2A40D}
		{9480D0DD-09CB-4A5D-AAEA-A9FC49F5D7BA} = {509647A3-9F82-4D68-BEDF-7A164511B915}
		{82344753-D04B-4340-A65F-C43C1794E89A} = {73612227-E0D4-4899-8C19-DD711DC2A40D}
		{2FE00AF6-EFA9-4A2D-A0C2-EF50274773B7} = {73612227-E0D4-4899-8C19-DD711DC2A40D}
	EndGlobalSection
EndGlobal
